00-Utils/Docker-images/notebook-executor.tar
00-Utils/Docker-images/jupyter-server.tar
serverRunning
00-Utils/Docker-ipnyb-execution/Dockerfile
00-Utils/Docker-ipnyb-execution/requirements.txt
00-Utils/Docker-ipnyb-execution/execute_notebook.sh
00-Utils/Docker-jupyter-server/Dockerfile
00-Utils/Docker-jupyter-server/requirements.txt
00-Utils/Docker-images/jupyter-server.tar
